PODS:
  - FTLinearActivityIndicator (1.2.1)

DEPENDENCIES:
  - FTLinearActivityIndicator (from `../`)

EXTERNAL SOURCES:
  FTLinearActivityIndicator:
    :path: "../"

SPEC CHECKSUMS:
  FTLinearActivityIndicator: 98d2970473c6c1d1c9e3b0c9e644f9b8f9fceb33

PODFILE CHECKSUM: d653595fcbe53f0d4160295f6c50f84621e4a209

COCOAPODS: 1.7.3
